
Microsoft Visual Studio Solution File, Format Version 12.00
# Visual Studio Version 16
VisualStudioVersion = 16.0.29209.62
MinimumVisualStudioVersion = 10.0.40219.1
Project("{FAE04EC0-301F-11D3-BF4B-00C04F79EFBC}") = "AreaRespawnMoreFrequently", "AreaRespawnMoreFrequently\AreaRespawnMoreFrequently.csproj", "{0CBE35E9-224D-4131-9ADC-63B2B941454B}"
EndProject
Project("{FAE04EC0-301F-11D3-BF4B-00C04F79EFBC}") = "SaveSystemReworked", "SaveSystemReworked\SaveSystemReworked.csproj", "{499B71C7-7B15-4D1D-ADB4-45E0A82D8D27}"
EndProject
Project("{FAE04EC0-301F-11D3-BF4B-00C04F79EFBC}") = "MoreGatherableLoot", "MoreGatherableLoot\MoreGatherableLoot.csproj", "{CAC32211-D092-4974-8BA4-83C8F2151D9D}"
EndProject
Project("{FAE04EC0-301F-11D3-BF4B-00C04F79EFBC}") = "MoreMerchantStock", "MoreMerchantStock\MoreMerchantStock.csproj", "{F399EEEB-EAD8-43E6-9D95-3C0B7E12F355}"
EndProject
Project("{FAE04EC0-301F-11D3-BF4B-00C04F79EFBC}") = "DisableDungeonsDefeatScenarios", "DisableDungeonsDefeatScenarios\DisableDungeonsDefeatScenarios.csproj", "{DBDBACED-2C7D-49EA-A68F-2E668750788E}"
EndProject
Project("{FAE04EC0-301F-11D3-BF4B-00C04F79EFBC}") = "Wip", "Wip\Wip.csproj", "{F88DCFE5-655E-48A7-A41D-4A5D75B024DF}"
EndProject
Project("{FAE04EC0-301F-11D3-BF4B-00C04F79EFBC}") = "InnRentStash", "InnRentStash\InnRentStash.csproj", "{9E2B0C25-97DC-4E5D-B7FF-ECB72B001E86}"
EndProject
Project("{FAE04EC0-301F-11D3-BF4B-00C04F79EFBC}") = "SelfEducated", "SelfEducated\SelfEducated.csproj", "{D1B3D894-D0A4-4459-B2C8-C7CF034F6111}"
EndProject
Project("{FAE04EC0-301F-11D3-BF4B-00C04F79EFBC}") = "RottenStashes", "RottenStashes\RottenStashes.csproj", "{BB77CB66-D802-48E5-AA77-538F45DC519D}"
EndProject
Project("{FAE04EC0-301F-11D3-BF4B-00C04F79EFBC}") = "EnhancedTsarSet", "EnhancedTsarSet\EnhancedTsarSet.csproj", "{D134633B-0A89-4477-9938-49E1FEF883AB}"
EndProject
Project("{FAE04EC0-301F-11D3-BF4B-00C04F79EFBC}") = "SoroboreanTravelAgency", "SoroboreanTravelAgency\SoroboreanTravelAgency.csproj", "{77DF7466-ED8F-421D-88DC-BC94254FA22F}"
EndProject
Global
	GlobalSection(SolutionConfigurationPlatforms) = preSolution
		Debug|Any CPU = Debug|Any CPU
		Release|Any CPU = Release|Any CPU
	EndGlobalSection
	GlobalSection(ProjectConfigurationPlatforms) = postSolution
		{0CBE35E9-224D-4131-9ADC-63B2B941454B}.Debug|Any CPU.ActiveCfg = Debug|Any CPU
		{0CBE35E9-224D-4131-9ADC-63B2B941454B}.Debug|Any CPU.Build.0 = Debug|Any CPU
		{0CBE35E9-224D-4131-9ADC-63B2B941454B}.Release|Any CPU.ActiveCfg = Release|Any CPU
		{0CBE35E9-224D-4131-9ADC-63B2B941454B}.Release|Any CPU.Build.0 = Release|Any CPU
		{499B71C7-7B15-4D1D-ADB4-45E0A82D8D27}.Debug|Any CPU.ActiveCfg = Debug|Any CPU
		{499B71C7-7B15-4D1D-ADB4-45E0A82D8D27}.Debug|Any CPU.Build.0 = Debug|Any CPU
		{499B71C7-7B15-4D1D-ADB4-45E0A82D8D27}.Release|Any CPU.ActiveCfg = Release|Any CPU
		{499B71C7-7B15-4D1D-ADB4-45E0A82D8D27}.Release|Any CPU.Build.0 = Release|Any CPU
		{CAC32211-D092-4974-8BA4-83C8F2151D9D}.Debug|Any CPU.ActiveCfg = Debug|Any CPU
		{CAC32211-D092-4974-8BA4-83C8F2151D9D}.Debug|Any CPU.Build.0 = Debug|Any CPU
		{CAC32211-D092-4974-8BA4-83C8F2151D9D}.Release|Any CPU.ActiveCfg = Release|Any CPU
		{CAC32211-D092-4974-8BA4-83C8F2151D9D}.Release|Any CPU.Build.0 = Release|Any CPU
		{F399EEEB-EAD8-43E6-9D95-3C0B7E12F355}.Debug|Any CPU.ActiveCfg = Debug|Any CPU
		{F399EEEB-EAD8-43E6-9D95-3C0B7E12F355}.Debug|Any CPU.Build.0 = Debug|Any CPU
		{F399EEEB-EAD8-43E6-9D95-3C0B7E12F355}.Release|Any CPU.ActiveCfg = Release|Any CPU
		{F399EEEB-EAD8-43E6-9D95-3C0B7E12F355}.Release|Any CPU.Build.0 = Release|Any CPU
		{DBDBACED-2C7D-49EA-A68F-2E668750788E}.Debug|Any CPU.ActiveCfg = Debug|Any CPU
		{DBDBACED-2C7D-49EA-A68F-2E668750788E}.Debug|Any CPU.Build.0 = Debug|Any CPU
		{DBDBACED-2C7D-49EA-A68F-2E668750788E}.Release|Any CPU.ActiveCfg = Release|Any CPU
		{DBDBACED-2C7D-49EA-A68F-2E668750788E}.Release|Any CPU.Build.0 = Release|Any CPU
		{F88DCFE5-655E-48A7-A41D-4A5D75B024DF}.Debug|Any CPU.ActiveCfg = Debug|Any CPU
		{F88DCFE5-655E-48A7-A41D-4A5D75B024DF}.Debug|Any CPU.Build.0 = Debug|Any CPU
		{F88DCFE5-655E-48A7-A41D-4A5D75B024DF}.Release|Any CPU.ActiveCfg = Release|Any CPU
		{F88DCFE5-655E-48A7-A41D-4A5D75B024DF}.Release|Any CPU.Build.0 = Release|Any CPU
		{9E2B0C25-97DC-4E5D-B7FF-ECB72B001E86}.Debug|Any CPU.ActiveCfg = Debug|Any CPU
		{9E2B0C25-97DC-4E5D-B7FF-ECB72B001E86}.Debug|Any CPU.Build.0 = Debug|Any CPU
		{9E2B0C25-97DC-4E5D-B7FF-ECB72B001E86}.Release|Any CPU.ActiveCfg = Release|Any CPU
		{9E2B0C25-97DC-4E5D-B7FF-ECB72B001E86}.Release|Any CPU.Build.0 = Release|Any CPU
		{D1B3D894-D0A4-4459-B2C8-C7CF034F6111}.Debug|Any CPU.ActiveCfg = Debug|Any CPU
		{D1B3D894-D0A4-4459-B2C8-C7CF034F6111}.Debug|Any CPU.Build.0 = Debug|Any CPU
		{D1B3D894-D0A4-4459-B2C8-C7CF034F6111}.Release|Any CPU.ActiveCfg = Release|Any CPU
		{D1B3D894-D0A4-4459-B2C8-C7CF034F6111}.Release|Any CPU.Build.0 = Release|Any CPU
		{BB77CB66-D802-48E5-AA77-538F45DC519D}.Debug|Any CPU.ActiveCfg = Debug|Any CPU
		{BB77CB66-D802-48E5-AA77-538F45DC519D}.Debug|Any CPU.Build.0 = Debug|Any CPU
		{BB77CB66-D802-48E5-AA77-538F45DC519D}.Release|Any CPU.ActiveCfg = Release|Any CPU
		{BB77CB66-D802-48E5-AA77-538F45DC519D}.Release|Any CPU.Build.0 = Release|Any CPU
		{D134633B-0A89-4477-9938-49E1FEF883AB}.Debug|Any CPU.ActiveCfg = Debug|Any CPU
		{D134633B-0A89-4477-9938-49E1FEF883AB}.Debug|Any CPU.Build.0 = Debug|Any CPU
		{D134633B-0A89-4477-9938-49E1FEF883AB}.Release|Any CPU.ActiveCfg = Release|Any CPU
		{D134633B-0A89-4477-9938-49E1FEF883AB}.Release|Any CPU.Build.0 = Release|Any CPU
		{77DF7466-ED8F-421D-88DC-BC94254FA22F}.Debug|Any CPU.ActiveCfg = Debug|Any CPU
		{77DF7466-ED8F-421D-88DC-BC94254FA22F}.Debug|Any CPU.Build.0 = Debug|Any CPU
		{77DF7466-ED8F-421D-88DC-BC94254FA22F}.Release|Any CPU.ActiveCfg = Release|Any CPU
		{77DF7466-ED8F-421D-88DC-BC94254FA22F}.Release|Any CPU.Build.0 = Release|Any CPU
	EndGlobalSection
	GlobalSection(SolutionProperties) = preSolution
		HideSolutionNode = FALSE
	EndGlobalSection
	GlobalSection(ExtensibilityGlobals) = postSolution
		SolutionGuid = {8438270D-940A-4A71-85F0-EA836694C689}
	EndGlobalSection
EndGlobal
